
Microsoft Visual Studio Solution File, Format Version 12.00
# Visual Studio Version 17
VisualStudioVersion = 17.6.33815.320
MinimumVisualStudioVersion = 10.0.40219.1
Project("{FAE04EC0-301F-11D3-BF4B-00C04F79EFBC}") = "ex2", "ex2\ex2.csproj", "{FCC1B556-4B96-4C33-8E7F-20777DBAF554}"
EndProject
Global
	GlobalSection(SolutionConfigurationPlatforms) = preSolution
		Debug|Any CPU = Debug|Any CPU
		Release|Any CPU = Release|Any CPU
	EndGlobalSection
	GlobalSection(ProjectConfigurationPlatforms) = postSolution
		{FCC1B556-4B96-4C33-8E7F-20777DBAF554}.Debug|Any CPU.ActiveCfg = Debug|Any CPU
		{FCC1B556-4B96-4C33-8E7F-20777DBAF554}.Debug|Any CPU.Build.0 = Debug|Any CPU
		{FCC1B556-4B96-4C33-8E7F-20777DBAF554}.Release|Any CPU.ActiveCfg = Release|Any CPU
		{FCC1B556-4B96-4C33-8E7F-20777DBAF554}.Release|Any CPU.Build.0 = Release|Any CPU
	EndGlobalSection
	GlobalSection(SolutionProperties) = preSolution
		HideSolutionNode = FALSE
	EndGlobalSection
	GlobalSection(ExtensibilityGlobals) = postSolution
		SolutionGuid = {59CFF4B3-553A-41B9-8474-4B2825A07E8A}
	EndGlobalSection
EndGlobal
